
Microsoft Visual Studio Solution File, Format Version 12.00
# Visual Studio 15
VisualStudioVersion = 15.0.28010.0
MinimumVisualStudioVersion = 10.0.40219.1
Project("{FAE04EC0-301F-11D3-BF4B-00C04F79EFBC}") = "Server", "ChatRoom2\Server.csproj", "{2BDC8BB7-EFC0-4E04-94C3-E08A53742384}"
EndProject
Project("{FAE04EC0-301F-11D3-BF4B-00C04F79EFBC}") = "Client", "Client\Client.csproj", "{8230137D-8F40-4908-9C11-659A5662635C}"
EndProject
Global
	GlobalSection(SolutionConfigurationPlatforms) = preSolution
		Debug|Any CPU = Debug|Any CPU
		Release|Any CPU = Release|Any CPU
	EndGlobalSection
	GlobalSection(ProjectConfigurationPlatforms) = postSolution
		{2BDC8BB7-EFC0-4E04-94C3-E08A53742384}.Debug|Any CPU.ActiveCfg = Debug|Any CPU
		{2BDC8BB7-EFC0-4E04-94C3-E08A53742384}.Debug|Any CPU.Build.0 = Debug|Any CPU
		{2BDC8BB7-EFC0-4E04-94C3-E08A53742384}.Release|Any CPU.ActiveCfg = Release|Any CPU
		{2BDC8BB7-EFC0-4E04-94C3-E08A53742384}.Release|Any CPU.Build.0 = Release|Any CPU
		{8230137D-8F40-4908-9C11-659A5662635C}.Debug|Any CPU.ActiveCfg = Debug|Any CPU
		{8230137D-8F40-4908-9C11-659A5662635C}.Debug|Any CPU.Build.0 = Debug|Any CPU
		{8230137D-8F40-4908-9C11-659A5662635C}.Release|Any CPU.ActiveCfg = Release|Any CPU
		{8230137D-8F40-4908-9C11-659A5662635C}.Release|Any CPU.Build.0 = Release|Any CPU
	EndGlobalSection
	GlobalSection(SolutionProperties) = preSolution
		HideSolutionNode = FALSE
	EndGlobalSection
	GlobalSection(ExtensibilityGlobals) = postSolution
		SolutionGuid = {4B07A623-5E1F-4182-8F0F-3A78048A667B}
	EndGlobalSection
EndGlobal
